
Microsoft Visual Studio Solution File, Format Version 12.00
# Visual Studio Version 16
VisualStudioVersion = 16.0.30309.148
MinimumVisualStudioVersion = 10.0.40219.1
Project("{FAE04EC0-301F-11D3-BF4B-00C04F79EFBC}") = "Unit3DStudio", "Unit3DStudio.csproj", "{22109429-5DFD-4020-AE56-FFFE15C9DFB2}"
EndProject
Project("{FAE04EC0-301F-11D3-BF4B-00C04F79EFBC}") = "Graph3D", "..\_Libraries\Graph3D\Graph3D\Graph3D.csproj", "{425C1F4A-4130-4895-8F7F-8739D4B69B55}"
EndProject
Global
	GlobalSection(SolutionConfigurationPlatforms) = preSolution
		Debug|Any CPU = Debug|Any CPU
		Debug|x86 = Debug|x86
		Release|Any CPU = Release|Any CPU
		Release|x86 = Release|x86
	EndGlobalSection
	GlobalSection(ProjectConfigurationPlatforms) = postSolution
		{22109429-5DFD-4020-AE56-FFFE15C9DFB2}.Debug|Any CPU.ActiveCfg = Debug|Any CPU
		{22109429-5DFD-4020-AE56-FFFE15C9DFB2}.Debug|Any CPU.Build.0 = Debug|Any CPU
		{22109429-5DFD-4020-AE56-FFFE15C9DFB2}.Debug|x86.ActiveCfg = Debug|Any CPU
		{22109429-5DFD-4020-AE56-FFFE15C9DFB2}.Debug|x86.Build.0 = Debug|Any CPU
		{22109429-5DFD-4020-AE56-FFFE15C9DFB2}.Release|Any CPU.ActiveCfg = Release|Any CPU
		{22109429-5DFD-4020-AE56-FFFE15C9DFB2}.Release|Any CPU.Build.0 = Release|Any CPU
		{22109429-5DFD-4020-AE56-FFFE15C9DFB2}.Release|x86.ActiveCfg = Release|x86
		{22109429-5DFD-4020-AE56-FFFE15C9DFB2}.Release|x86.Build.0 = Release|x86
		{425C1F4A-4130-4895-8F7F-8739D4B69B55}.Debug|Any CPU.ActiveCfg = Debug|Any CPU
		{425C1F4A-4130-4895-8F7F-8739D4B69B55}.Debug|Any CPU.Build.0 = Debug|Any CPU
		{425C1F4A-4130-4895-8F7F-8739D4B69B55}.Debug|x86.ActiveCfg = Debug|Any CPU
		{425C1F4A-4130-4895-8F7F-8739D4B69B55}.Debug|x86.Build.0 = Debug|Any CPU
		{425C1F4A-4130-4895-8F7F-8739D4B69B55}.Release|Any CPU.ActiveCfg = Release|Any CPU
		{425C1F4A-4130-4895-8F7F-8739D4B69B55}.Release|Any CPU.Build.0 = Release|Any CPU
		{425C1F4A-4130-4895-8F7F-8739D4B69B55}.Release|x86.ActiveCfg = Release|Any CPU
		{425C1F4A-4130-4895-8F7F-8739D4B69B55}.Release|x86.Build.0 = Release|Any CPU
	EndGlobalSection
	GlobalSection(SolutionProperties) = preSolution
		HideSolutionNode = FALSE
	EndGlobalSection
	GlobalSection(ExtensibilityGlobals) = postSolution
		SolutionGuid = {672C04CA-29C4-4CE4-A4A8-5E50DF0C3B8B}
	EndGlobalSection
EndGlobal
